
Microsoft Visual Studio Solution File, Format Version 12.00
# Visual Studio Version 16
VisualStudioVersion = 16.0.30503.244
MinimumVisualStudioVersion = 10.0.40219.1
Project("{8BC9CEB8-8B4A-11D0-8D11-00A0C91BC942}") = "01", "01\01.vcxproj", "{5F5D5694-3143-4167-AAD4-9B15D6EA7D3C}"
EndProject
Project("{8BC9CEB8-8B4A-11D0-8D11-00A0C91BC942}") = "02", "02\02.vcxproj", "{8643A925-69D3-426D-9504-F303679A9549}"
EndProject
Project("{8BC9CEB8-8B4A-11D0-8D11-00A0C91BC942}") = "03", "03\03.vcxproj", "{4AC300F8-AFC4-44DA-B325-3C802FD3F12B}"
EndProject
Project("{8BC9CEB8-8B4A-11D0-8D11-00A0C91BC942}") = "06", "06\06.vcxproj", "{526C54DF-8B7F-47D1-82B3-82C2025D620E}"
EndProject
Project("{8BC9CEB8-8B4A-11D0-8D11-00A0C91BC942}") = "10", "10\10.vcxproj", "{F610F2A3-03F2-4F16-9738-20D3961CDBEF}"
EndProject
Global
	GlobalSection(SolutionConfigurationPlatforms) = preSolution
		Debug|x64 = Debug|x64
		Debug|x86 = Debug|x86
		Release|x64 = Release|x64
		Release|x86 = Release|x86
	EndGlobalSection
	GlobalSection(ProjectConfigurationPlatforms) = postSolution
		{5F5D5694-3143-4167-AAD4-9B15D6EA7D3C}.Debug|x64.ActiveCfg = Debug|x64
		{5F5D5694-3143-4167-AAD4-9B15D6EA7D3C}.Debug|x64.Build.0 = Debug|x64
		{5F5D5694-3143-4167-AAD4-9B15D6EA7D3C}.Debug|x86.ActiveCfg = Debug|Win32
		{5F5D5694-3143-4167-AAD4-9B15D6EA7D3C}.Debug|x86.Build.0 = Debug|Win32
		{5F5D5694-3143-4167-AAD4-9B15D6EA7D3C}.Release|x64.ActiveCfg = Release|x64
		{5F5D5694-3143-4167-AAD4-9B15D6EA7D3C}.Release|x64.Build.0 = Release|x64
		{5F5D5694-3143-4167-AAD4-9B15D6EA7D3C}.Release|x86.ActiveCfg = Release|Win32
		{5F5D5694-3143-4167-AAD4-9B15D6EA7D3C}.Release|x86.Build.0 = Release|Win32
		{8643A925-69D3-426D-9504-F303679A9549}.Debug|x64.ActiveCfg = Debug|x64
		{8643A925-69D3-426D-9504-F303679A9549}.Debug|x64.Build.0 = Debug|x64
		{8643A925-69D3-426D-9504-F303679A9549}.Debug|x86.ActiveCfg = Debug|Win32
		{8643A925-69D3-426D-9504-F303679A9549}.Debug|x86.Build.0 = Debug|Win32
		{8643A925-69D3-426D-9504-F303679A9549}.Release|x64.ActiveCfg = Release|x64
		{8643A925-69D3-426D-9504-F303679A9549}.Release|x64.Build.0 = Release|x64
		{8643A925-69D3-426D-9504-F303679A9549}.Release|x86.ActiveCfg = Release|Win32
		{8643A925-69D3-426D-9504-F303679A9549}.Release|x86.Build.0 = Release|Win32
		{4AC300F8-AFC4-44DA-B325-3C802FD3F12B}.Debug|x64.ActiveCfg = Debug|x64
		{4AC300F8-AFC4-44DA-B325-3C802FD3F12B}.Debug|x64.Build.0 = Debug|x64
		{4AC300F8-AFC4-44DA-B325-3C802FD3F12B}.Debug|x86.ActiveCfg = Debug|Win32
		{4AC300F8-AFC4-44DA-B325-3C802FD3F12B}.Debug|x86.Build.0 = Debug|Win32
		{4AC300F8-AFC4-44DA-B325-3C802FD3F12B}.Release|x64.ActiveCfg = Release|x64
		{4AC300F8-AFC4-44DA-B325-3C802FD3F12B}.Release|x64.Build.0 = Release|x64
		{4AC300F8-AFC4-44DA-B325-3C802FD3F12B}.Release|x86.ActiveCfg = Release|Win32
		{4AC300F8-AFC4-44DA-B325-3C802FD3F12B}.Release|x86.Build.0 = Release|Win32
		{526C54DF-8B7F-47D1-82B3-82C2025D620E}.Debug|x64.ActiveCfg = Debug|x64
		{526C54DF-8B7F-47D1-82B3-82C2025D620E}.Debug|x64.Build.0 = Debug|x64
		{526C54DF-8B7F-47D1-82B3-82C2025D620E}.Debug|x86.ActiveCfg = Debug|Win32
		{526C54DF-8B7F-47D1-82B3-82C2025D620E}.Debug|x86.Build.0 = Debug|Win32
		{526C54DF-8B7F-47D1-82B3-82C2025D620E}.Release|x64.ActiveCfg = Release|x64
		{526C54DF-8B7F-47D1-82B3-82C2025D620E}.Release|x64.Build.0 = Release|x64
		{526C54DF-8B7F-47D1-82B3-82C2025D620E}.Release|x86.ActiveCfg = Release|Win32
		{526C54DF-8B7F-47D1-82B3-82C2025D620E}.Release|x86.Build.0 = Release|Win32
		{F610F2A3-03F2-4F16-9738-20D3961CDBEF}.Debug|x64.ActiveCfg = Debug|x64
		{F610F2A3-03F2-4F16-9738-20D3961CDBEF}.Debug|x64.Build.0 = Debug|x64
		{F610F2A3-03F2-4F16-9738-20D3961CDBEF}.Debug|x86.ActiveCfg = Debug|Win32
		{F610F2A3-03F2-4F16-9738-20D3961CDBEF}.Debug|x86.Build.0 = Debug|Win32
		{F610F2A3-03F2-4F16-9738-20D3961CDBEF}.Release|x64.ActiveCfg = Release|x64
		{F610F2A3-03F2-4F16-9738-20D3961CDBEF}.Release|x64.Build.0 = Release|x64
		{F610F2A3-03F2-4F16-9738-20D3961CDBEF}.Release|x86.ActiveCfg = Release|Win32
		{F610F2A3-03F2-4F16-9738-20D3961CDBEF}.Release|x86.Build.0 = Release|Win32
	EndGlobalSection
	GlobalSection(SolutionProperties) = preSolution
		HideSolutionNode = FALSE
	EndGlobalSection
	GlobalSection(ExtensibilityGlobals) = postSolution
		SolutionGuid = {3FBB8581-7404-4BF9-9532-9E6E51FC17B8}
	EndGlobalSection
EndGlobal
